// !$*UTF8*$!
{
	archiveVersion = 1;
	classes = {
	};
	objectVersion = 46;
	objects = {

/* Begin PBXBuildFile section */
		1DDD58160DA1D0A300B32029 /* MainMenu.xib in Resources */ = {isa = PBXBuildFile; fileRef = 1DDD58140DA1D0A300B32029 /* MainMenu.xib */; };
		6E95760217827BB1009A3244 /* hiragany.tiff in Resources */ = {isa = PBXBuildFile; fileRef = 6E95760017827BB1009A3244 /* hiragany.tiff */; };
		6E95760317827BB1009A3244 /* hiragany@2x.tiff in Resources */ = {isa = PBXBuildFile; fileRef = 6E95760117827BB1009A3244 /* hiragany@2x.tiff */; };
		6EB2F10C17827942002DEE8B /* icon.icns in Resources */ = {isa = PBXBuildFile; fileRef = 6EB2F10B17827942002DEE8B /* icon.icns */; };
		8D11072B0486CEB800E47090 /* InfoPlist.strings in Resources */ = {isa = PBXBuildFile; fileRef = 089C165CFE840E0CC02AAC07 /* InfoPlist.strings */; };
		8D11072F0486CEB800E47090 /* Cocoa.framework in Frameworks */ = {isa = PBXBuildFile; fileRef = 1058C7A1FEA54F0111CA2CBB /* Cocoa.framework */; };
		BE0CAB4C0FA9743E005CB1CA /* InputMethodKit.framework in Frameworks */ = {isa = PBXBuildFile; fileRef = BE0CAB4B0FA9743E005CB1CA /* InputMethodKit.framework */; };
		BEBE16480FBFCB6B00EFA6E7 /* ConversionEngine.m in Sources */ = {isa = PBXBuildFile; fileRef = BEBE16430FBFCB6B00EFA6E7 /* ConversionEngine.m */; };
		BEBE16490FBFCB6B00EFA6E7 /* HiraganyApplicationDelegate.m in Sources */ = {isa = PBXBuildFile; fileRef = BEBE16450FBFCB6B00EFA6E7 /* HiraganyApplicationDelegate.m */; };
		BEBE164A0FBFCB6B00EFA6E7 /* HiraganyController.m in Sources */ = {isa = PBXBuildFile; fileRef = BEBE16470FBFCB6B00EFA6E7 /* HiraganyController.m */; };
		BEBE164C0FBFCB7D00EFA6E7 /* main.m in Sources */ = {isa = PBXBuildFile; fileRef = BEBE164B0FBFCB7D00EFA6E7 /* main.m */; };
		BEBE164F0FBFCB9900EFA6E7 /* RomaKana.plist in Resources */ = {isa = PBXBuildFile; fileRef = BEBE164D0FBFCB9900EFA6E7 /* RomaKana.plist */; };
		BEC623B4110BB40200286831 /* Particles.plist in Resources */ = {isa = PBXBuildFile; fileRef = BEC623B3110BB40200286831 /* Particles.plist */; };
		BEC623CD110BB80F00286831 /* Symbols.plist in Resources */ = {isa = PBXBuildFile; fileRef = BEC623CC110BB80F00286831 /* Symbols.plist */; };
		BEFD59AB10CE351800C3E862 /* KanaKanji.plist in Resources */ = {isa = PBXBuildFile; fileRef = BEFD59AA10CE351800C3E862 /* KanaKanji.plist */; };
/* End PBXBuildFile section */

/* Begin PBXFileReference section */
		089C165DFE840E0CC02AAC07 /* English */ = {isa = PBXFileReference; fileEncoding = 10; lastKnownFileType = text.plist.strings; name = English; path = English.lproj/InfoPlist.strings; sourceTree = "<group>"; };
		1058C7A1FEA54F0111CA2CBB /* Cocoa.framework */ = {isa = PBXFileReference; lastKnownFileType = wrapper.framework; name = Cocoa.framework; path = /System/Library/Frameworks/Cocoa.framework; sourceTree = "<absolute>"; };
		1DDD58150DA1D0A300B32029 /* English */ = {isa = PBXFileReference; lastKnownFileType = file.xib; name = English; path = English.lproj/MainMenu.xib; sourceTree = "<group>"; };
		29B97324FDCFA39411CA2CEA /* AppKit.framework */ = {isa = PBXFileReference; lastKnownFileType = wrapper.framework; name = AppKit.framework; path = /System/Library/Frameworks/AppKit.framework; sourceTree = "<absolute>"; };
		29B97325FDCFA39411CA2CEA /* Foundation.framework */ = {isa = PBXFileReference; lastKnownFileType = wrapper.framework; name = Foundation.framework; path = /System/Library/Frameworks/Foundation.framework; sourceTree = "<absolute>"; };
		32CA4F630368D1EE00C91783 /* Hiragany_Prefix.pch */ = {isa = PBXFileReference; fileEncoding = 4; lastKnownFileType = sourcecode.c.h; path = Hiragany_Prefix.pch; sourceTree = "<group>"; };
		6E95760017827BB1009A3244 /* hiragany.tiff */ = {isa = PBXFileReference; lastKnownFileType = image.tiff; name = hiragany.tiff; path = Resources/icon.iconset/hiragany.tiff; sourceTree = "<group>"; };
		6E95760117827BB1009A3244 /* hiragany@2x.tiff */ = {isa = PBXFileReference; lastKnownFileType = image.tiff; name = "hiragany@2x.tiff"; path = "Resources/icon.iconset/hiragany@2x.tiff"; sourceTree = "<group>"; };
		6EB2F10B17827942002DEE8B /* icon.icns */ = {isa = PBXFileReference; lastKnownFileType = image.icns; name = icon.icns; path = Resources/icon.icns; sourceTree = "<group>"; };
		8D1107310486CEB800E47090 /* Info.plist */ = {isa = PBXFileReference; fileEncoding = 4; lastKnownFileType = text.plist.xml; path = Info.plist; sourceTree = "<group>"; };
		8D1107320486CEB800E47090 /* Hiragany.app */ = {isa = PBXFileReference; explicitFileType = wrapper.application; includeInIndex = 0; path = Hiragany.app; sourceTree = BUILT_PRODUCTS_DIR; };
		BE0CAB4B0FA9743E005CB1CA /* InputMethodKit.framework */ = {isa = PBXFileReference; lastKnownFileType = wrapper.framework; name = InputMethodKit.framework; path = /System/Library/Frameworks/InputMethodKit.framework; sourceTree = "<absolute>"; };
		BEBE16420FBFCB6B00EFA6E7 /* ConversionEngine.h */ = {isa = PBXFileReference; fileEncoding = 4; lastKnownFileType = sourcecode.c.h; name = ConversionEngine.h; path = Classes/ConversionEngine.h; sourceTree = "<group>"; };
		BEBE16430FBFCB6B00EFA6E7 /* ConversionEngine.m */ = {isa = PBXFileReference; fileEncoding = 4; lastKnownFileType = sourcecode.c.objc; name = ConversionEngine.m; path = Classes/ConversionEngine.m; sourceTree = "<group>"; };
		BEBE16440FBFCB6B00EFA6E7 /* HiraganyApplicationDelegate.h */ = {isa = PBXFileReference; fileEncoding = 4; lastKnownFileType = sourcecode.c.h; name = HiraganyApplicationDelegate.h; path = Classes/HiraganyApplicationDelegate.h; sourceTree = "<group>"; };
		BEBE16450FBFCB6B00EFA6E7 /* HiraganyApplicationDelegate.m */ = {isa = PBXFileReference; fileEncoding = 4; lastKnownFileType = sourcecode.c.objc; name = HiraganyApplicationDelegate.m; path = Classes/HiraganyApplicationDelegate.m; sourceTree = "<group>"; };
		BEBE16460FBFCB6B00EFA6E7 /* HiraganyController.h */ = {isa = PBXFileReference; fileEncoding = 4; lastKnownFileType = sourcecode.c.h; name = HiraganyController.h; path = Classes/HiraganyController.h; sourceTree = "<group>"; };
		BEBE16470FBFCB6B00EFA6E7 /* HiraganyController.m */ = {isa = PBXFileReference; fileEncoding = 4; lastKnownFileType = sourcecode.c.objc; name = HiraganyController.m; path = Classes/HiraganyController.m; sourceTree = "<group>"; };
		BEBE164B0FBFCB7D00EFA6E7 /* main.m */ = {isa = PBXFileReference; fileEncoding = 4; lastKnownFileType = sourcecode.c.objc; name = main.m; path = OtherSources/main.m; sourceTree = "<group>"; };
		BEBE164D0FBFCB9900EFA6E7 /* RomaKana.plist */ = {isa = PBXFileReference; fileEncoding = 4; lastKnownFileType = text.plist.xml; name = RomaKana.plist; path = Resources/RomaKana.plist; sourceTree = "<group>"; };
		BEC623B3110BB40200286831 /* Particles.plist */ = {isa = PBXFileReference; fileEncoding = 4; lastKnownFileType = text.plist.xml; name = Particles.plist; path = Resources/Particles.plist; sourceTree = "<group>"; };
		BEC623CC110BB80F00286831 /* Symbols.plist */ = {isa = PBXFileReference; fileEncoding = 4; lastKnownFileType = text.plist.xml; name = Symbols.plist; path = Resources/Symbols.plist; sourceTree = "<group>"; };
		BED5E4C1110E623B00573B8D /* HiraganyGlobal.h */ = {isa = PBXFileReference; fileEncoding = 4; lastKnownFileType = sourcecode.c.h; name = HiraganyGlobal.h; path = Classes/HiraganyGlobal.h; sourceTree = "<group>"; };
		BEFD59AA10CE351800C3E862 /* KanaKanji.plist */ = {isa = PBXFileReference; fileEncoding = 4; lastKnownFileType = text.plist.xml; name = KanaKanji.plist; path = Resources/KanaKanji.plist; sourceTree = "<group>"; };
/* End PBXFileReference section */

/* Begin PBXFrameworksBuildPhase section */
		8D11072E0486CEB800E47090 /* Frameworks */ = {
			isa = PBXFrameworksBuildPhase;
			buildActionMask = 2147483647;
			files = (
				8D11072F0486CEB800E47090 /* Cocoa.framework in Frameworks */,
				BE0CAB4C0FA9743E005CB1CA /* InputMethodKit.framework in Frameworks */,
			);
			runOnlyForDeploymentPostprocessing = 0;
		};
/* End PBXFrameworksBuildPhase section */

/* Begin PBXGroup section */
		080E96DDFE201D6D7F000001 /* Classes */ = {
			isa = PBXGroup;
			children = (
				BED5E4C1110E623B00573B8D /* HiraganyGlobal.h */,
				BEBE16440FBFCB6B00EFA6E7 /* HiraganyApplicationDelegate.h */,
				BEBE16450FBFCB6B00EFA6E7 /* HiraganyApplicationDelegate.m */,
				BEBE16420FBFCB6B00EFA6E7 /* ConversionEngine.h */,
				BEBE16430FBFCB6B00EFA6E7 /* ConversionEngine.m */,
				BEBE16460FBFCB6B00EFA6E7 /* HiraganyController.h */,
				BEBE16470FBFCB6B00EFA6E7 /* HiraganyController.m */,
			);
			name = Classes;
			sourceTree = "<group>";
		};
		1058C7A0FEA54F0111CA2CBB /* Linked Frameworks */ = {
			isa = PBXGroup;
			children = (
				1058C7A1FEA54F0111CA2CBB /* Cocoa.framework */,
			);
			name = "Linked Frameworks";
			sourceTree = "<group>";
		};
		1058C7A2FEA54F0111CA2CBB /* Other Frameworks */ = {
			isa = PBXGroup;
			children = (
				BE0CAB4B0FA9743E005CB1CA /* InputMethodKit.framework */,
				29B97324FDCFA39411CA2CEA /* AppKit.framework */,
				29B97325FDCFA39411CA2CEA /* Foundation.framework */,
			);
			name = "Other Frameworks";
			sourceTree = "<group>";
		};
		19C28FACFE9D520D11CA2CBB /* Products */ = {
			isa = PBXGroup;
			children = (
				8D1107320486CEB800E47090 /* Hiragany.app */,
			);
			name = Products;
			sourceTree = "<group>";
		};
		29B97314FDCFA39411CA2CEA /* Hiragany */ = {
			isa = PBXGroup;
			children = (
				080E96DDFE201D6D7F000001 /* Classes */,
				29B97315FDCFA39411CA2CEA /* Other Sources */,
				29B97317FDCFA39411CA2CEA /* Resources */,
				29B97323FDCFA39411CA2CEA /* Frameworks */,
				19C28FACFE9D520D11CA2CBB /* Products */,
			);
			name = Hiragany;
			sourceTree = "<group>";
		};
		29B97315FDCFA39411CA2CEA /* Other Sources */ = {
			isa = PBXGroup;
			children = (
				BEBE164B0FBFCB7D00EFA6E7 /* main.m */,
				32CA4F630368D1EE00C91783 /* Hiragany_Prefix.pch */,
			);
			name = "Other Sources";
			sourceTree = "<group>";
		};
		29B97317FDCFA39411CA2CEA /* Resources */ = {
			isa = PBXGroup;
			children = (
				BEC623B3110BB40200286831 /* Particles.plist */,
				BEC623CC110BB80F00286831 /* Symbols.plist */,
				BEBE164D0FBFCB9900EFA6E7 /* RomaKana.plist */,
				BEFD59AA10CE351800C3E862 /* KanaKanji.plist */,
				6E95760017827BB1009A3244 /* hiragany.tiff */,
				6E95760117827BB1009A3244 /* hiragany@2x.tiff */,
				6EB2F10B17827942002DEE8B /* icon.icns */,
				8D1107310486CEB800E47090 /* Info.plist */,
				089C165CFE840E0CC02AAC07 /* InfoPlist.strings */,
				1DDD58140DA1D0A300B32029 /* MainMenu.xib */,
			);
			name = Resources;
			sourceTree = "<group>";
		};
		29B97323FDCFA39411CA2CEA /* Frameworks */ = {
			isa = PBXGroup;
			children = (
				1058C7A0FEA54F0111CA2CBB /* Linked Frameworks */,
				1058C7A2FEA54F0111CA2CBB /* Other Frameworks */,
			);
			name = Frameworks;
			sourceTree = "<group>";
		};
/* End PBXGroup section */

/* Begin PBXNativeTarget section */
		8D1107260486CEB800E47090 /* Hiragany */ = {
			isa = PBXNativeTarget;
			buildConfigurationList = C01FCF4A08A954540054247B /* Build configuration list for PBXNativeTarget "Hiragany" */;
			buildPhases = (
				8D1107290486CEB800E47090 /* Resources */,
				8D11072C0486CEB800E47090 /* Sources */,
				8D11072E0486CEB800E47090 /* Frameworks */,
			);
			buildRules = (
			);
			dependencies = (
			);
			name = Hiragany;
			productInstallPath = "$(HOME)/Applications";
			productName = Hiragany;
			productReference = 8D1107320486CEB800E47090 /* Hiragany.app */;
			productType = "com.apple.product-type.application";
		};
/* End PBXNativeTarget section */

/* Begin PBXProject section */
		29B97313FDCFA39411CA2CEA /* Project object */ = {
			isa = PBXProject;
			attributes = {
				LastUpgradeCheck = 0710;
			};
			buildConfigurationList = C01FCF4E08A954540054247B /* Build configuration list for PBXProject "Hiragany" */;
			compatibilityVersion = "Xcode 3.2";
			developmentRegion = English;
			hasScannedForEncodings = 1;
			knownRegions = (
				en,
			);
			mainGroup = 29B97314FDCFA39411CA2CEA /* Hiragany */;
			projectDirPath = "";
			projectRoot = "";
			targets = (
				8D1107260486CEB800E47090 /* Hiragany */,
			);
		};
/* End PBXProject section */

/* Begin PBXResourcesBuildPhase section */
		8D1107290486CEB800E47090 /* Resources */ = {
			isa = PBXResourcesBuildPhase;
			buildActionMask = 2147483647;
			files = (
				8D11072B0486CEB800E47090 /* InfoPlist.strings in Resources */,
				6EB2F10C17827942002DEE8B /* icon.icns in Resources */,
				1DDD58160DA1D0A300B32029 /* MainMenu.xib in Resources */,
				BEBE164F0FBFCB9900EFA6E7 /* RomaKana.plist in Resources */,
				BEFD59AB10CE351800C3E862 /* KanaKanji.plist in Resources */,
				BEC623B4110BB40200286831 /* Particles.plist in Resources */,
				6E95760317827BB1009A3244 /* hiragany@2x.tiff in Resources */,
				BEC623CD110BB80F00286831 /* Symbols.plist in Resources */,
				6E95760217827BB1009A3244 /* hiragany.tiff in Resources */,
			);
			runOnlyForDeploymentPostprocessing = 0;
		};
/* End PBXResourcesBuildPhase section */

/* Begin PBXSourcesBuildPhase section */
		8D11072C0486CEB800E47090 /* Sources */ = {
			isa = PBXSourcesBuildPhase;
			buildActionMask = 2147483647;
			files = (
				BEBE16480FBFCB6B00EFA6E7 /* ConversionEngine.m in Sources */,
				BEBE16490FBFCB6B00EFA6E7 /* HiraganyApplicationDelegate.m in Sources */,
				BEBE164A0FBFCB6B00EFA6E7 /* HiraganyController.m in Sources */,
				BEBE164C0FBFCB7D00EFA6E7 /* main.m in Sources */,
			);
			runOnlyForDeploymentPostprocessing = 0;
		};
/* End PBXSourcesBuildPhase section */

/* Begin PBXVariantGroup section */
		089C165CFE840E0CC02AAC07 /* InfoPlist.strings */ = {
			isa = PBXVariantGroup;
			children = (
				089C165DFE840E0CC02AAC07 /* English */,
			);
			name = InfoPlist.strings;
			sourceTree = "<group>";
		};
		1DDD58140DA1D0A300B32029 /* MainMenu.xib */ = {
			isa = PBXVariantGroup;
			children = (
				1DDD58150DA1D0A300B32029 /* English */,
			);
			name = MainMenu.xib;
			sourceTree = "<group>";
		};
/* End PBXVariantGroup section */

/* Begin XCBuildConfiguration section */
		C01FCF4B08A954540054247B /* Debug */ = {
			isa = XCBuildConfiguration;
			buildSettings = {
				ALWAYS_SEARCH_USER_PATHS = NO;
				COMBINE_HIDPI_IMAGES = YES;
				COPY_PHASE_STRIP = NO;
				GCC_DYNAMIC_NO_PIC = NO;
				GCC_MODEL_TUNING = G5;
				GCC_OPTIMIZATION_LEVEL = 0;
				GCC_PRECOMPILE_PREFIX_HEADER = YES;
				GCC_PREFIX_HEADER = Hiragany_Prefix.pch;
				INFOPLIST_FILE = Info.plist;
				INSTALL_PATH = "$(HOME)/Applications";
				MACOSX_DEPLOYMENT_TARGET = 10.11;
				PRODUCT_BUNDLE_IDENTIFIER = "org.h7a.inputmethod.${PRODUCT_NAME:identifier}";
				PRODUCT_NAME = Hiragany;
			};
			name = Debug;
		};
		C01FCF4C08A954540054247B /* Release */ = {
			isa = XCBuildConfiguration;
			buildSettings = {
				ALWAYS_SEARCH_USER_PATHS = NO;
				COMBINE_HIDPI_IMAGES = YES;
				DEBUG_INFORMATION_FORMAT = "dwarf-with-dsym";
				GCC_MODEL_TUNING = G5;
				GCC_PRECOMPILE_PREFIX_HEADER = YES;
				GCC_PREFIX_HEADER = Hiragany_Prefix.pch;
				INFOPLIST_FILE = Info.plist;
				INSTALL_PATH = "$(HOME)/Applications";
				MACOSX_DEPLOYMENT_TARGET = 10.11;
				PRODUCT_BUNDLE_IDENTIFIER = "org.h7a.inputmethod.${PRODUCT_NAME:identifier}";
				PRODUCT_NAME = Hiragany;
			};
			name = Release;
		};
		C01FCF4F08A954540054247B /* Debug */ = {
			isa = XCBuildConfiguration;
			buildSettings = {
				CLANG_ENABLE_OBJC_ARC = YES;
				ENABLE_TESTABILITY = YES;
				GCC_C_LANGUAGE_STANDARD = c99;
				GCC_OPTIMIZATION_LEVEL = 0;
				GCC_WARN_ABOUT_RETURN_TYPE = YES;
				GCC_WARN_UNUSED_VARIABLE = YES;
				ONLY_ACTIVE_ARCH = YES;
				OTHER_CFLAGS = "-DDEBUG";
				SDKROOT = macosx;
			};
			name = Debug;
		};
		C01FCF5008A954540054247B /* Release */ = {
			isa = XCBuildConfiguration;
			buildSettings = {
				CLANG_ENABLE_OBJC_ARC = YES;
				GCC_C_LANGUAGE_STANDARD = c99;
				GCC_WARN_ABOUT_RETURN_TYPE = YES;
				GCC_WARN_UNUSED_VARIABLE = YES;
				SDKROOT = macosx;
			};
			name = Release;
		};
/* End XCBuildConfiguration section */

/* Begin XCConfigurationList section */
		C01FCF4A08A954540054247B /* Build configuration list for PBXNativeTarget "Hiragany" */ = {
			isa = XCConfigurationList;
			buildConfigurations = (
				C01FCF4B08A954540054247B /* Debug */,
				C01FCF4C08A954540054247B /* Release */,
			);
			defaultConfigurationIsVisible = 0;
			defaultConfigurationName = Release;
		};
		C01FCF4E08A954540054247B /* Build configuration list for PBXProject "Hiragany" */ = {
			isa = XCConfigurationList;
			buildConfigurations = (
				C01FCF4F08A954540054247B /* Debug */,
				C01FCF5008A954540054247B /* Release */,
			);
			defaultConfigurationIsVisible = 0;
			defaultConfigurationName = Release;
		};
/* End XCConfigurationList section */
	};
	rootObject = 29B97313FDCFA39411CA2CEA /* Project object */;
}
